
Microsoft Visual Studio Solution File, Format Version 12.00
# Visual Studio Version 16
VisualStudioVersion = 16.0.30621.155
MinimumVisualStudioVersion = 10.0.40219.1
Project("{FAE04EC0-301F-11D3-BF4B-00C04F79EFBC}") = "WindowsFormsAppLR6-8", "WindowsFormsAppLR6-8\WindowsFormsAppLR6-8.csproj", "{90B145B8-CEFD-4742-8EC7-3C2B548D9400}"
EndProject
Global
	GlobalSection(SolutionConfigurationPlatforms) = preSolution
		Debug|Any CPU = Debug|Any CPU
		Release|Any CPU = Release|Any CPU
	EndGlobalSection
	GlobalSection(ProjectConfigurationPlatforms) = postSolution
		{90B145B8-CEFD-4742-8EC7-3C2B548D9400}.Debug|Any CPU.ActiveCfg = Debug|Any CPU
		{90B145B8-CEFD-4742-8EC7-3C2B548D9400}.Debug|Any CPU.Build.0 = Debug|Any CPU
		{90B145B8-CEFD-4742-8EC7-3C2B548D9400}.Release|Any CPU.ActiveCfg = Release|Any CPU
		{90B145B8-CEFD-4742-8EC7-3C2B548D9400}.Release|Any CPU.Build.0 = Release|Any CPU
	EndGlobalSection
	GlobalSection(SolutionProperties) = preSolution
		HideSolutionNode = FALSE
	EndGlobalSection
	GlobalSection(ExtensibilityGlobals) = postSolution
		SolutionGuid = {AAA60437-8C51-43E6-BBFE-22B71FF9D391}
	EndGlobalSection
EndGlobal
